// !$*UTF8*$!
{
	archiveVersion = 1;
	classes = {
	};
	objectVersion = 52;
	objects = {

/* Begin PBXBuildFile section */
		78001C432604611B00508FAA /* PostView.swift in Sources */ = {isa = PBXBuildFile; fileRef = 78001C422604611B00508FAA /* PostView.swift */; };
		784E9D1625FBE1000004FCB8 /* AppDataService.swift in Sources */ = {isa = PBXBuildFile; fileRef = 784E9D1525FBE1000004FCB8 /* AppDataService.swift */; };
		784E9D3125FC0A3F0004FCB8 /* StoryView.swift in Sources */ = {isa = PBXBuildFile; fileRef = 784E9D3025FC0A3F0004FCB8 /* StoryView.swift */; };
		78BB485A26042D6A0028EC79 /* Billabong.ttf in Resources */ = {isa = PBXBuildFile; fileRef = 78BB485926042D6A0028EC79 /* Billabong.ttf */; };
		78BB4862260431980028EC79 /* FeedHeaderView.swift in Sources */ = {isa = PBXBuildFile; fileRef = 78BB4861260431980028EC79 /* FeedHeaderView.swift */; };
		BACC168925E99BB80034935E /* FakestagramApp.swift in Sources */ = {isa = PBXBuildFile; fileRef = BACC168825E99BB80034935E /* FakestagramApp.swift */; };
		BACC168D25E99BBE0034935E /* Assets.xcassets in Resources */ = {isa = PBXBuildFile; fileRef = BACC168C25E99BBE0034935E /* Assets.xcassets */; };
		BACC169025E99BBE0034935E /* Preview Assets.xcassets in Resources */ = {isa = PBXBuildFile; fileRef = BACC168F25E99BBE0034935E /* Preview Assets.xcassets */; };
		BACC169B25E99BBE0034935E /* FakestagramTests.swift in Sources */ = {isa = PBXBuildFile; fileRef = BACC169A25E99BBE0034935E /* FakestagramTests.swift */; };
		BACC16A625E99BBE0034935E /* FakestagramUITests.swift in Sources */ = {isa = PBXBuildFile; fileRef = BACC16A525E99BBE0034935E /* FakestagramUITests.swift */; };
		BACC16BC25E99D4F0034935E /* Constants.swift in Sources */ = {isa = PBXBuildFile; fileRef = BACC16BB25E99D4F0034935E /* Constants.swift */; };
		BACC16C425E99DB80034935E /* User.swift in Sources */ = {isa = PBXBuildFile; fileRef = BACC16C325E99DB80034935E /* User.swift */; };
		BACC16C925E99FC10034935E /* Response.swift in Sources */ = {isa = PBXBuildFile; fileRef = BACC16C825E99FC10034935E /* Response.swift */; };
		BACC16D225E9A0DC0034935E /* response.json in Resources */ = {isa = PBXBuildFile; fileRef = BACC16D125E9A0DC0034935E /* response.json */; };
		BACC16DA25E9A1270034935E /* HomeView.swift in Sources */ = {isa = PBXBuildFile; fileRef = BACC16D925E9A1270034935E /* HomeView.swift */; };
		BACC16E225E9A2580034935E /* FeedView.swift in Sources */ = {isa = PBXBuildFile; fileRef = BACC16E125E9A2580034935E /* FeedView.swift */; };
		BACC16E725E9A2870034935E /* FeedViewModel.swift in Sources */ = {isa = PBXBuildFile; fileRef = BACC16E625E9A2870034935E /* FeedViewModel.swift */; };
		BACC16EC25E9A4680034935E /* Status.swift in Sources */ = {isa = PBXBuildFile; fileRef = BACC16EB25E9A4680034935E /* Status.swift */; };
		BAD9ED23260A794600165558 /* PostsResponse.swift in Sources */ = {isa = PBXBuildFile; fileRef = BAD9ED22260A794600165558 /* PostsResponse.swift */; };
		BAD9ED28260A79FD00165558 /* Post.swift in Sources */ = {isa = PBXBuildFile; fileRef = BAD9ED27260A79FD00165558 /* Post.swift */; };
		BAFC90CD260CBFF600D09669 /* SDWebImageSwiftUI in Frameworks */ = {isa = PBXBuildFile; productRef = BAD9ED10260A459700165558 /* SDWebImageSwiftUI */; };
		BAFC90CF260CC00400D09669 /* posts_response.json in Resources */ = {isa = PBXBuildFile; fileRef = BAFC90CE260CC00400D09669 /* posts_response.json */; };
/* End PBXBuildFile section */

/* Begin PBXContainerItemProxy section */
		BACC169725E99BBE0034935E /* PBXContainerItemProxy */ = {
			isa = PBXContainerItemProxy;
			containerPortal = BACC167D25E99BB80034935E /* Project object */;
			proxyType = 1;
			remoteGlobalIDString = BACC168425E99BB80034935E;
			remoteInfo = Fakestagram;
		};
		BACC16A225E99BBE0034935E /* PBXContainerItemProxy */ = {
			isa = PBXContainerItemProxy;
			containerPortal = BACC167D25E99BB80034935E /* Project object */;
			proxyType = 1;
			remoteGlobalIDString = BACC168425E99BB80034935E;
			remoteInfo = Fakestagram;
		};
/* End PBXContainerItemProxy section */

/* Begin PBXFileReference section */
		78001C422604611B00508FAA /* PostView.swift */ = {isa = PBXFileReference; lastKnownFileType = sourcecode.swift; path = PostView.swift; sourceTree = "<group>"; };
		784E9D1525FBE1000004FCB8 /* AppDataService.swift */ = {isa = PBXFileReference; lastKnownFileType = sourcecode.swift; path = AppDataService.swift; sourceTree = "<group>"; };
		784E9D3025FC0A3F0004FCB8 /* StoryView.swift */ = {isa = PBXFileReference; lastKnownFileType = sourcecode.swift; path = StoryView.swift; sourceTree = "<group>"; };
		78BB485926042D6A0028EC79 /* Billabong.ttf */ = {isa = PBXFileReference; lastKnownFileType = file; path = Billabong.ttf; sourceTree = "<group>"; };
		78BB4861260431980028EC79 /* FeedHeaderView.swift */ = {isa = PBXFileReference; lastKnownFileType = sourcecode.swift; path = FeedHeaderView.swift; sourceTree = "<group>"; };
		BACC168525E99BB80034935E /* Fakestagram.app */ = {isa = PBXFileReference; explicitFileType = wrapper.application; includeInIndex = 0; path = Fakestagram.app; sourceTree = BUILT_PRODUCTS_DIR; };
		BACC168825E99BB80034935E /* FakestagramApp.swift */ = {isa = PBXFileReference; lastKnownFileType = sourcecode.swift; path = FakestagramApp.swift; sourceTree = "<group>"; };
		BACC168C25E99BBE0034935E /* Assets.xcassets */ = {isa = PBXFileReference; lastKnownFileType = folder.assetcatalog; path = Assets.xcassets; sourceTree = "<group>"; };
		BACC168F25E99BBE0034935E /* Preview Assets.xcassets */ = {isa = PBXFileReference; lastKnownFileType = folder.assetcatalog; path = "Preview Assets.xcassets"; sourceTree = "<group>"; };
		BACC169125E99BBE0034935E /* Info.plist */ = {isa = PBXFileReference; lastKnownFileType = text.plist.xml; path = Info.plist; sourceTree = "<group>"; };
		BACC169625E99BBE0034935E /* FakestagramTests.xctest */ = {isa = PBXFileReference; explicitFileType = wrapper.cfbundle; includeInIndex = 0; path = FakestagramTests.xctest; sourceTree = BUILT_PRODUCTS_DIR; };
		BACC169A25E99BBE0034935E /* FakestagramTests.swift */ = {isa = PBXFileReference; lastKnownFileType = sourcecode.swift; path = FakestagramTests.swift; sourceTree = "<group>"; };
		BACC169C25E99BBE0034935E /* Info.plist */ = {isa = PBXFileReference; lastKnownFileType = text.plist.xml; path = Info.plist; sourceTree = "<group>"; };
		BACC16A125E99BBE0034935E /* FakestagramUITests.xctest */ = {isa = PBXFileReference; explicitFileType = wrapper.cfbundle; includeInIndex = 0; path = FakestagramUITests.xctest; sourceTree = BUILT_PRODUCTS_DIR; };
		BACC16A525E99BBE0034935E /* FakestagramUITests.swift */ = {isa = PBXFileReference; lastKnownFileType = sourcecode.swift; path = FakestagramUITests.swift; sourceTree = "<group>"; };
		BACC16A725E99BBE0034935E /* Info.plist */ = {isa = PBXFileReference; lastKnownFileType = text.plist.xml; path = Info.plist; sourceTree = "<group>"; };
		BACC16BB25E99D4F0034935E /* Constants.swift */ = {isa = PBXFileReference; lastKnownFileType = sourcecode.swift; path = Constants.swift; sourceTree = "<group>"; };
		BACC16C325E99DB80034935E /* User.swift */ = {isa = PBXFileReference; lastKnownFileType = sourcecode.swift; path = User.swift; sourceTree = "<group>"; };
		BACC16C825E99FC10034935E /* Response.swift */ = {isa = PBXFileReference; lastKnownFileType = sourcecode.swift; path = Response.swift; sourceTree = "<group>"; };
		BACC16D125E9A0DC0034935E /* response.json */ = {isa = PBXFileReference; fileEncoding = 4; lastKnownFileType = text.json; path = response.json; sourceTree = "<group>"; };
		BACC16D925E9A1270034935E /* HomeView.swift */ = {isa = PBXFileReference; lastKnownFileType = sourcecode.swift; path = HomeView.swift; sourceTree = "<group>"; };
		BACC16E125E9A2580034935E /* FeedView.swift */ = {isa = PBXFileReference; lastKnownFileType = sourcecode.swift; path = FeedView.swift; sourceTree = "<group>"; };
		BACC16E625E9A2870034935E /* FeedViewModel.swift */ = {isa = PBXFileReference; lastKnownFileType = sourcecode.swift; path = FeedViewModel.swift; sourceTree = "<group>"; };
		BACC16EB25E9A4680034935E /* Status.swift */ = {isa = PBXFileReference; lastKnownFileType = sourcecode.swift; path = Status.swift; sourceTree = "<group>"; };
		BAD9ED22260A794600165558 /* PostsResponse.swift */ = {isa = PBXFileReference; lastKnownFileType = sourcecode.swift; path = PostsResponse.swift; sourceTree = "<group>"; };
		BAD9ED27260A79FD00165558 /* Post.swift */ = {isa = PBXFileReference; lastKnownFileType = sourcecode.swift; path = Post.swift; sourceTree = "<group>"; };
		BAFC90CE260CC00400D09669 /* posts_response.json */ = {isa = PBXFileReference; fileEncoding = 4; lastKnownFileType = text.json; path = posts_response.json; sourceTree = "<group>"; };
/* End PBXFileReference section */

/* Begin PBXFrameworksBuildPhase section */
		BACC168225E99BB80034935E /* Frameworks */ = {
			isa = PBXFrameworksBuildPhase;
			buildActionMask = 2147483647;
			files = (
				BAFC90CD260CBFF600D09669 /* SDWebImageSwiftUI in Frameworks */,
			);
			runOnlyForDeploymentPostprocessing = 0;
		};
		BACC169325E99BBE0034935E /* Frameworks */ = {
			isa = PBXFrameworksBuildPhase;
			buildActionMask = 2147483647;
			files = (
			);
			runOnlyForDeploymentPostprocessing = 0;
		};
		BACC169E25E99BBE0034935E /* Frameworks */ = {
			isa = PBXFrameworksBuildPhase;
			buildActionMask = 2147483647;
			files = (
			);
			runOnlyForDeploymentPostprocessing = 0;
		};
/* End PBXFrameworksBuildPhase section */

/* Begin PBXGroup section */
		784E9D1425FBE0F00004FCB8 /* Data Source */ = {
			isa = PBXGroup;
			children = (
				784E9D1525FBE1000004FCB8 /* AppDataService.swift */,
			);
			path = "Data Source";
			sourceTree = "<group>";
		};
		78BB48662604319E0028EC79 /* Feed */ = {
			isa = PBXGroup;
			children = (
				BACC16E125E9A2580034935E /* FeedView.swift */,
				78BB4861260431980028EC79 /* FeedHeaderView.swift */,
				784E9D3025FC0A3F0004FCB8 /* StoryView.swift */,
				78001C422604611B00508FAA /* PostView.swift */,
			);
			path = Feed;
			sourceTree = "<group>";
		};
		BACC167C25E99BB80034935E = {
			isa = PBXGroup;
			children = (
				BACC168725E99BB80034935E /* Fakestagram */,
				BACC169925E99BBE0034935E /* FakestagramTests */,
				BACC16A425E99BBE0034935E /* FakestagramUITests */,
				BACC168625E99BB80034935E /* Products */,
			);
			sourceTree = "<group>";
		};
		BACC168625E99BB80034935E /* Products */ = {
			isa = PBXGroup;
			children = (
				BACC168525E99BB80034935E /* Fakestagram.app */,
				BACC169625E99BBE0034935E /* FakestagramTests.xctest */,
				BACC16A125E99BBE0034935E /* FakestagramUITests.xctest */,
			);
			name = Products;
			sourceTree = "<group>";
		};
		BACC168725E99BB80034935E /* Fakestagram */ = {
			isa = PBXGroup;
			children = (
				784E9D1425FBE0F00004FCB8 /* Data Source */,
				BACC168C25E99BBE0034935E /* Assets.xcassets */,
				BACC168825E99BB80034935E /* FakestagramApp.swift */,
				BACC169125E99BBE0034935E /* Info.plist */,
				BACC16B825E99C8F0034935E /* Models */,
				BACC168E25E99BBE0034935E /* Preview Content */,
				BACC16BA25E99CA30034935E /* Utils */,
				BACC16B625E99C7F0034935E /* Views */,
				BACC16B725E99C870034935E /* ViewModels */,
			);
			path = Fakestagram;
			sourceTree = "<group>";
		};
		BACC168E25E99BBE0034935E /* Preview Content */ = {
			isa = PBXGroup;
			children = (
				78BB485926042D6A0028EC79 /* Billabong.ttf */,
				BACC168F25E99BBE0034935E /* Preview Assets.xcassets */,
			);
			path = "Preview Content";
			sourceTree = "<group>";
		};
		BACC169925E99BBE0034935E /* FakestagramTests */ = {
			isa = PBXGroup;
			children = (
				BACC169A25E99BBE0034935E /* FakestagramTests.swift */,
				BACC169C25E99BBE0034935E /* Info.plist */,
			);
			path = FakestagramTests;
			sourceTree = "<group>";
		};
		BACC16A425E99BBE0034935E /* FakestagramUITests */ = {
			isa = PBXGroup;
			children = (
				BACC16A525E99BBE0034935E /* FakestagramUITests.swift */,
				BACC16A725E99BBE0034935E /* Info.plist */,
			);
			path = FakestagramUITests;
			sourceTree = "<group>";
		};
		BACC16B625E99C7F0034935E /* Views */ = {
			isa = PBXGroup;
			children = (
				78BB48662604319E0028EC79 /* Feed */,
				BACC16D925E9A1270034935E /* HomeView.swift */,
			);
			path = Views;
			sourceTree = "<group>";
		};
		BACC16B725E99C870034935E /* ViewModels */ = {
			isa = PBXGroup;
			children = (
				BACC16E625E9A2870034935E /* FeedViewModel.swift */,
			);
			path = ViewModels;
			sourceTree = "<group>";
		};
		BACC16B825E99C8F0034935E /* Models */ = {
			isa = PBXGroup;
			children = (
				BACC16C825E99FC10034935E /* Response.swift */,
				BACC16C325E99DB80034935E /* User.swift */,
				BACC16EB25E9A4680034935E /* Status.swift */,
				BAD9ED22260A794600165558 /* PostsResponse.swift */,
				BAD9ED27260A79FD00165558 /* Post.swift */,
			);
			path = Models;
			sourceTree = "<group>";
		};
		BACC16BA25E99CA30034935E /* Utils */ = {
			isa = PBXGroup;
			children = (
				BACC16D025E9A0C90034935E /* Samples */,
				BACC16BB25E99D4F0034935E /* Constants.swift */,
			);
			path = Utils;
			sourceTree = "<group>";
		};
		BACC16D025E9A0C90034935E /* Samples */ = {
			isa = PBXGroup;
			children = (
				BAFC90CE260CC00400D09669 /* posts_response.json */,
				BACC16D125E9A0DC0034935E /* response.json */,
			);
			path = Samples;
			sourceTree = "<group>";
		};
/* End PBXGroup section */

/* Begin PBXNativeTarget section */
		BACC168425E99BB80034935E /* Fakestagram */ = {
			isa = PBXNativeTarget;
			buildConfigurationList = BACC16AA25E99BBE0034935E /* Build configuration list for PBXNativeTarget "Fakestagram" */;
			buildPhases = (
				BACC168125E99BB80034935E /* Sources */,
				BACC168225E99BB80034935E /* Frameworks */,
				BACC168325E99BB80034935E /* Resources */,
			);
			buildRules = (
			);
			dependencies = (
			);
			name = Fakestagram;
			packageProductDependencies = (
				BAD9ED10260A459700165558 /* SDWebImageSwiftUI */,
			);
			productName = Fakestagram;
			productReference = BACC168525E99BB80034935E /* Fakestagram.app */;
			productType = "com.apple.product-type.application";
		};
		BACC169525E99BBE0034935E /* FakestagramTests */ = {
			isa = PBXNativeTarget;
			buildConfigurationList = BACC16AD25E99BBE0034935E /* Build configuration list for PBXNativeTarget "FakestagramTests" */;
			buildPhases = (
				BACC169225E99BBE0034935E /* Sources */,
				BACC169325E99BBE0034935E /* Frameworks */,
				BACC169425E99BBE0034935E /* Resources */,
			);
			buildRules = (
			);
			dependencies = (
				BACC169825E99BBE0034935E /* PBXTargetDependency */,
			);
			name = FakestagramTests;
			productName = FakestagramTests;
			productReference = BACC169625E99BBE0034935E /* FakestagramTests.xctest */;
			productType = "com.apple.product-type.bundle.unit-test";
		};
		BACC16A025E99BBE0034935E /* FakestagramUITests */ = {
			isa = PBXNativeTarget;
			buildConfigurationList = BACC16B025E99BBE0034935E /* Build configuration list for PBXNativeTarget "FakestagramUITests" */;
			buildPhases = (
				BACC169D25E99BBE0034935E /* Sources */,
				BACC169E25E99BBE0034935E /* Frameworks */,
				BACC169F25E99BBE0034935E /* Resources */,
			);
			buildRules = (
			);
			dependencies = (
				BACC16A325E99BBE0034935E /* PBXTargetDependency */,
			);
			name = FakestagramUITests;
			productName = FakestagramUITests;
			productReference = BACC16A125E99BBE0034935E /* FakestagramUITests.xctest */;
			productType = "com.apple.product-type.bundle.ui-testing";
		};
/* End PBXNativeTarget section */

/* Begin PBXProject section */
		BACC167D25E99BB80034935E /* Project object */ = {
			isa = PBXProject;
			attributes = {
				LastSwiftUpdateCheck = 1240;
				LastUpgradeCheck = 1240;
				TargetAttributes = {
					BACC168425E99BB80034935E = {
						CreatedOnToolsVersion = 12.4;
					};
					BACC169525E99BBE0034935E = {
						CreatedOnToolsVersion = 12.4;
						TestTargetID = BACC168425E99BB80034935E;
					};
					BACC16A025E99BBE0034935E = {
						CreatedOnToolsVersion = 12.4;
						TestTargetID = BACC168425E99BB80034935E;
					};
				};
			};
			buildConfigurationList = BACC168025E99BB80034935E /* Build configuration list for PBXProject "Fakestagram" */;
			compatibilityVersion = "Xcode 9.3";
			developmentRegion = en;
			hasScannedForEncodings = 0;
			knownRegions = (
				en,
				Base,
			);
			mainGroup = BACC167C25E99BB80034935E;
			packageReferences = (
				BAD9ED0F260A459700165558 /* XCRemoteSwiftPackageReference "SDWebImageSwiftUI" */,
			);
			productRefGroup = BACC168625E99BB80034935E /* Products */;
			projectDirPath = "";
			projectRoot = "";
			targets = (
				BACC168425E99BB80034935E /* Fakestagram */,
				BACC169525E99BBE0034935E /* FakestagramTests */,
				BACC16A025E99BBE0034935E /* FakestagramUITests */,
			);
		};
/* End PBXProject section */

/* Begin PBXResourcesBuildPhase section */
		BACC168325E99BB80034935E /* Resources */ = {
			isa = PBXResourcesBuildPhase;
			buildActionMask = 2147483647;
			files = (
				BAFC90CF260CC00400D09669 /* posts_response.json in Resources */,
				BACC169025E99BBE0034935E /* Preview Assets.xcassets in Resources */,
				BACC16D225E9A0DC0034935E /* response.json in Resources */,
				BACC168D25E99BBE0034935E /* Assets.xcassets in Resources */,
				78BB485A26042D6A0028EC79 /* Billabong.ttf in Resources */,
			);
			runOnlyForDeploymentPostprocessing = 0;
		};
		BACC169425E99BBE0034935E /* Resources */ = {
			isa = PBXResourcesBuildPhase;
			buildActionMask = 2147483647;
			files = (
			);
			runOnlyForDeploymentPostprocessing = 0;
		};
		BACC169F25E99BBE0034935E /* Resources */ = {
			isa = PBXResourcesBuildPhase;
			buildActionMask = 2147483647;
			files = (
			);
			runOnlyForDeploymentPostprocessing = 0;
		};
/* End PBXResourcesBuildPhase section */

/* Begin PBXSourcesBuildPhase section */
		BACC168125E99BB80034935E /* Sources */ = {
			isa = PBXSourcesBuildPhase;
			buildActionMask = 2147483647;
			files = (
				784E9D3125FC0A3F0004FCB8 /* StoryView.swift in Sources */,
				784E9D1625FBE1000004FCB8 /* AppDataService.swift in Sources */,
				78BB4862260431980028EC79 /* FeedHeaderView.swift in Sources */,
				BACC16E725E9A2870034935E /* FeedViewModel.swift in Sources */,
				BACC16C425E99DB80034935E /* User.swift in Sources */,
				BAD9ED28260A79FD00165558 /* Post.swift in Sources */,
				BAD9ED23260A794600165558 /* PostsResponse.swift in Sources */,
				BACC168925E99BB80034935E /* FakestagramApp.swift in Sources */,
				BACC16EC25E9A4680034935E /* Status.swift in Sources */,
				BACC16DA25E9A1270034935E /* HomeView.swift in Sources */,
				BACC16BC25E99D4F0034935E /* Constants.swift in Sources */,
				BACC16E225E9A2580034935E /* FeedView.swift in Sources */,
				78001C432604611B00508FAA /* PostView.swift in Sources */,
				BACC16C925E99FC10034935E /* Response.swift in Sources */,
			);
			runOnlyForDeploymentPostprocessing = 0;
		};
		BACC169225E99BBE0034935E /* Sources */ = {
			isa = PBXSourcesBuildPhase;
			buildActionMask = 2147483647;
			files = (
				BACC169B25E99BBE0034935E /* FakestagramTests.swift in Sources */,
			);
			runOnlyForDeploymentPostprocessing = 0;
		};
		BACC169D25E99BBE0034935E /* Sources */ = {
			isa = PBXSourcesBuildPhase;
			buildActionMask = 2147483647;
			files = (
				BACC16A625E99BBE0034935E /* FakestagramUITests.swift in Sources */,
			);
			runOnlyForDeploymentPostprocessing = 0;
		};
/* End PBXSourcesBuildPhase section */

/* Begin PBXTargetDependency section */
		BACC169825E99BBE0034935E /* PBXTargetDependency */ = {
			isa = PBXTargetDependency;
			target = BACC168425E99BB80034935E /* Fakestagram */;
			targetProxy = BACC169725E99BBE0034935E /* PBXContainerItemProxy */;
		};
		BACC16A325E99BBE0034935E /* PBXTargetDependency */ = {
			isa = PBXTargetDependency;
			target = BACC168425E99BB80034935E /* Fakestagram */;
			targetProxy = BACC16A225E99BBE0034935E /* PBXContainerItemProxy */;
		};
/* End PBXTargetDependency section */

/* Begin XCBuildConfiguration section */
		BACC16A825E99BBE0034935E /* Debug */ = {
			isa = XCBuildConfiguration;
			buildSettings = {
				ALWAYS_SEARCH_USER_PATHS = NO;
				CLANG_ANALYZER_NONNULL = YES;
				CLANG_ANALYZER_NUMBER_OBJECT_CONVERSION = YES_AGGRESSIVE;
				CLANG_CXX_LANGUAGE_STANDARD = "gnu++14";
				CLANG_CXX_LIBRARY = "libc++";
				CLANG_ENABLE_MODULES = YES;
				CLANG_ENABLE_OBJC_ARC = YES;
				CLANG_ENABLE_OBJC_WEAK = YES;
				CLANG_WARN_BLOCK_CAPTURE_AUTORELEASING = YES;
				CLANG_WARN_BOOL_CONVERSION = YES;
				CLANG_WARN_COMMA = YES;
				CLANG_WARN_CONSTANT_CONVERSION = YES;
				CLANG_WARN_DEPRECATED_OBJC_IMPLEMENTATIONS = YES;
				CLANG_WARN_DIRECT_OBJC_ISA_USAGE = YES_ERROR;
				CLANG_WARN_DOCUMENTATION_COMMENTS = YES;
				CLANG_WARN_EMPTY_BODY = YES;
				CLANG_WARN_ENUM_CONVERSION = YES;
				CLANG_WARN_INFINITE_RECURSION = YES;
				CLANG_WARN_INT_CONVERSION = YES;
				CLANG_WARN_NON_LITERAL_NULL_CONVERSION = YES;
				CLANG_WARN_OBJC_IMPLICIT_RETAIN_SELF = YES;
				CLANG_WARN_OBJC_LITERAL_CONVERSION = YES;
				CLANG_WARN_OBJC_ROOT_CLASS = YES_ERROR;
				CLANG_WARN_QUOTED_INCLUDE_IN_FRAMEWORK_HEADER = YES;
				CLANG_WARN_RANGE_LOOP_ANALYSIS = YES;
				CLANG_WARN_STRICT_PROTOTYPES = YES;
				CLANG_WARN_SUSPICIOUS_MOVE = YES;
				CLANG_WARN_UNGUARDED_AVAILABILITY = YES_AGGRESSIVE;
				CLANG_WARN_UNREACHABLE_CODE = YES;
				CLANG_WARN__DUPLICATE_METHOD_MATCH = YES;
				COPY_PHASE_STRIP = NO;
				DEBUG_INFORMATION_FORMAT = dwarf;
				ENABLE_STRICT_OBJC_MSGSEND = YES;
				ENABLE_TESTABILITY = YES;
				GCC_C_LANGUAGE_STANDARD = gnu11;
				GCC_DYNAMIC_NO_PIC = NO;
				GCC_NO_COMMON_BLOCKS = YES;
				GCC_OPTIMIZATION_LEVEL = 0;
				GCC_PREPROCESSOR_DEFINITIONS = (
					"DEBUG=1",
					"$(inherited)",
				);
				GCC_WARN_64_TO_32_BIT_CONVERSION = YES;
				GCC_WARN_ABOUT_RETURN_TYPE = YES_ERROR;
				GCC_WARN_UNDECLARED_SELECTOR = YES;
				GCC_WARN_UNINITIALIZED_AUTOS = YES_AGGRESSIVE;
				GCC_WARN_UNUSED_FUNCTION = YES;
				GCC_WARN_UNUSED_VARIABLE = YES;
				IPHONEOS_DEPLOYMENT_TARGET = 14.4;
				MTL_ENABLE_DEBUG_INFO = INCLUDE_SOURCE;
				MTL_FAST_MATH = YES;
				ONLY_ACTIVE_ARCH = YES;
				SDKROOT = iphoneos;
				SWIFT_ACTIVE_COMPILATION_CONDITIONS = DEBUG;
				SWIFT_OPTIMIZATION_LEVEL = "-Onone";
			};
			name = Debug;
		};
		BACC16A925E99BBE0034935E /* Release */ = {
			isa = XCBuildConfiguration;
			buildSettings = {
				ALWAYS_SEARCH_USER_PATHS = NO;
				CLANG_ANALYZER_NONNULL = YES;
				CLANG_ANALYZER_NUMBER_OBJECT_CONVERSION = YES_AGGRESSIVE;
				CLANG_CXX_LANGUAGE_STANDARD = "gnu++14";
				CLANG_CXX_LIBRARY = "libc++";
				CLANG_ENABLE_MODULES = YES;
				CLANG_ENABLE_OBJC_ARC = YES;
				CLANG_ENABLE_OBJC_WEAK = YES;
				CLANG_WARN_BLOCK_CAPTURE_AUTORELEASING = YES;
				CLANG_WARN_BOOL_CONVERSION = YES;
				CLANG_WARN_COMMA = YES;
				CLANG_WARN_CONSTANT_CONVERSION = YES;
				CLANG_WARN_DEPRECATED_OBJC_IMPLEMENTATIONS = YES;
				CLANG_WARN_DIRECT_OBJC_ISA_USAGE = YES_ERROR;
				CLANG_WARN_DOCUMENTATION_COMMENTS = YES;
				CLANG_WARN_EMPTY_BODY = YES;
				CLANG_WARN_ENUM_CONVERSION = YES;
				CLANG_WARN_INFINITE_RECURSION = YES;
				CLANG_WARN_INT_CONVERSION = YES;
				CLANG_WARN_NON_LITERAL_NULL_CONVERSION = YES;
				CLANG_WARN_OBJC_IMPLICIT_RETAIN_SELF = YES;
				CLANG_WARN_OBJC_LITERAL_CONVERSION = YES;
				CLANG_WARN_OBJC_ROOT_CLASS = YES_ERROR;
				CLANG_WARN_QUOTED_INCLUDE_IN_FRAMEWORK_HEADER = YES;
				CLANG_WARN_RANGE_LOOP_ANALYSIS = YES;
				CLANG_WARN_STRICT_PROTOTYPES = YES;
				CLANG_WARN_SUSPICIOUS_MOVE = YES;
				CLANG_WARN_UNGUARDED_AVAILABILITY = YES_AGGRESSIVE;
				CLANG_WARN_UNREACHABLE_CODE = YES;
				CLANG_WARN__DUPLICATE_METHOD_MATCH = YES;
				COPY_PHASE_STRIP = NO;
				DEBUG_INFORMATION_FORMAT = "dwarf-with-dsym";
				ENABLE_NS_ASSERTIONS = NO;
				ENABLE_STRICT_OBJC_MSGSEND = YES;
				GCC_C_LANGUAGE_STANDARD = gnu11;
				GCC_NO_COMMON_BLOCKS = YES;
				GCC_WARN_64_TO_32_BIT_CONVERSION = YES;
				GCC_WARN_ABOUT_RETURN_TYPE = YES_ERROR;
				GCC_WARN_UNDECLARED_SELECTOR = YES;
				GCC_WARN_UNINITIALIZED_AUTOS = YES_AGGRESSIVE;
				GCC_WARN_UNUSED_FUNCTION = YES;
				GCC_WARN_UNUSED_VARIABLE = YES;
				IPHONEOS_DEPLOYMENT_TARGET = 14.4;
				MTL_ENABLE_DEBUG_INFO = NO;
				MTL_FAST_MATH = YES;
				SDKROOT = iphoneos;
				SWIFT_COMPILATION_MODE = wholemodule;
				SWIFT_OPTIMIZATION_LEVEL = "-O";
				VALIDATE_PRODUCT = YES;
			};
			name = Release;
		};
		BACC16AB25E99BBE0034935E /* Debug */ = {
			isa = XCBuildConfiguration;
			buildSettings = {
				ASSETCATALOG_COMPILER_APPICON_NAME = AppIcon;
				ASSETCATALOG_COMPILER_GLOBAL_ACCENT_COLOR_NAME = AccentColor;
				CODE_SIGN_STYLE = Automatic;
				DEVELOPMENT_ASSET_PATHS = "\"Fakestagram/Preview Content\"";
				DEVELOPMENT_TEAM = T75MZGQ769;
				ENABLE_PREVIEWS = YES;
				INFOPLIST_FILE = Fakestagram/Info.plist;
				IPHONEOS_DEPLOYMENT_TARGET = 14.0;
				LD_RUNPATH_SEARCH_PATHS = (
					"$(inherited)",
					"@executable_path/Frameworks",
				);
				PRODUCT_BUNDLE_IDENTIFIER = com.andresrojas.Fakestagram;
				PRODUCT_NAME = "$(TARGET_NAME)";
				SWIFT_VERSION = 5.0;
				TARGETED_DEVICE_FAMILY = "1,2";
			};
			name = Debug;
		};
		BACC16AC25E99BBE0034935E /* Release */ = {
			isa = XCBuildConfiguration;
			buildSettings = {
				ASSETCATALOG_COMPILER_APPICON_NAME = AppIcon;
				ASSETCATALOG_COMPILER_GLOBAL_ACCENT_COLOR_NAME = AccentColor;
				CODE_SIGN_STYLE = Automatic;
				DEVELOPMENT_ASSET_PATHS = "\"Fakestagram/Preview Content\"";
				DEVELOPMENT_TEAM = T75MZGQ769;
				ENABLE_PREVIEWS = YES;
				INFOPLIST_FILE = Fakestagram/Info.plist;
				IPHONEOS_DEPLOYMENT_TARGET = 14.0;
				LD_RUNPATH_SEARCH_PATHS = (
					"$(inherited)",
					"@executable_path/Frameworks",
				);
				PRODUCT_BUNDLE_IDENTIFIER = com.andresrojas.Fakestagram;
				PRODUCT_NAME = "$(TARGET_NAME)";
				SWIFT_VERSION = 5.0;
				TARGETED_DEVICE_FAMILY = "1,2";
			};
			name = Release;
		};
		BACC16AE25E99BBE0034935E /* Debug */ = {
			isa = XCBuildConfiguration;
			buildSettings = {
				ALWAYS_EMBED_SWIFT_STANDARD_LIBRARIES = YES;
				BUNDLE_LOADER = "$(TEST_HOST)";
				CODE_SIGN_STYLE = Automatic;
				DEVELOPMENT_TEAM = T75MZGQ769;
				INFOPLIST_FILE = FakestagramTests/Info.plist;
				IPHONEOS_DEPLOYMENT_TARGET = 14.0;
				LD_RUNPATH_SEARCH_PATHS = (
					"$(inherited)",
					"@executable_path/Frameworks",
					"@loader_path/Frameworks",
				);
				PRODUCT_BUNDLE_IDENTIFIER = com.andresrojas.FakestagramTests;
				PRODUCT_NAME = "$(TARGET_NAME)";
				SWIFT_VERSION = 5.0;
				TARGETED_DEVICE_FAMILY = "1,2";
				TEST_HOST = "$(BUILT_PRODUCTS_DIR)/Fakestagram.app/Fakestagram";
			};
			name = Debug;
		};
		BACC16AF25E99BBE0034935E /* Release */ = {
			isa = XCBuildConfiguration;
			buildSettings = {
				ALWAYS_EMBED_SWIFT_STANDARD_LIBRARIES = YES;
				BUNDLE_LOADER = "$(TEST_HOST)";
				CODE_SIGN_STYLE = Automatic;
				DEVELOPMENT_TEAM = T75MZGQ769;
				INFOPLIST_FILE = FakestagramTests/Info.plist;
				IPHONEOS_DEPLOYMENT_TARGET = 14.0;
				LD_RUNPATH_SEARCH_PATHS = (
					"$(inherited)",
					"@executable_path/Frameworks",
					"@loader_path/Frameworks",
				);
				PRODUCT_BUNDLE_IDENTIFIER = com.andresrojas.FakestagramTests;
				PRODUCT_NAME = "$(TARGET_NAME)";
				SWIFT_VERSION = 5.0;
				TARGETED_DEVICE_FAMILY = "1,2";
				TEST_HOST = "$(BUILT_PRODUCTS_DIR)/Fakestagram.app/Fakestagram";
			};
			name = Release;
		};
		BACC16B125E99BBE0034935E /* Debug */ = {
			isa = XCBuildConfiguration;
			buildSettings = {
				ALWAYS_EMBED_SWIFT_STANDARD_LIBRARIES = YES;
				CODE_SIGN_STYLE = Automatic;
				DEVELOPMENT_TEAM = T75MZGQ769;
				INFOPLIST_FILE = FakestagramUITests/Info.plist;
				LD_RUNPATH_SEARCH_PATHS = (
					"$(inherited)",
					"@executable_path/Frameworks",
					"@loader_path/Frameworks",
				);
				PRODUCT_BUNDLE_IDENTIFIER = com.andresrojas.FakestagramUITests;
				PRODUCT_NAME = "$(TARGET_NAME)";
				SWIFT_VERSION = 5.0;
				TARGETED_DEVICE_FAMILY = "1,2";
				TEST_TARGET_NAME = Fakestagram;
			};
			name = Debug;
		};
		BACC16B225E99BBE0034935E /* Release */ = {
			isa = XCBuildConfiguration;
			buildSettings = {
				ALWAYS_EMBED_SWIFT_STANDARD_LIBRARIES = YES;
				CODE_SIGN_STYLE = Automatic;
				DEVELOPMENT_TEAM = T75MZGQ769;
				INFOPLIST_FILE = FakestagramUITests/Info.plist;
				LD_RUNPATH_SEARCH_PATHS = (
					"$(inherited)",
					"@executable_path/Frameworks",
					"@loader_path/Frameworks",
				);
				PRODUCT_BUNDLE_IDENTIFIER = com.andresrojas.FakestagramUITests;
				PRODUCT_NAME = "$(TARGET_NAME)";
				SWIFT_VERSION = 5.0;
				TARGETED_DEVICE_FAMILY = "1,2";
				TEST_TARGET_NAME = Fakestagram;
			};
			name = Release;
		};
/* End XCBuildConfiguration section */

/* Begin XCConfigurationList section */
		BACC168025E99BB80034935E /* Build configuration list for PBXProject "Fakestagram" */ = {
			isa = XCConfigurationList;
			buildConfigurations = (
				BACC16A825E99BBE0034935E /* Debug */,
				BACC16A925E99BBE0034935E /* Release */,
			);
			defaultConfigurationIsVisible = 0;
			defaultConfigurationName = Release;
		};
		BACC16AA25E99BBE0034935E /* Build configuration list for PBXNativeTarget "Fakestagram" */ = {
			isa = XCConfigurationList;
			buildConfigurations = (
				BACC16AB25E99BBE0034935E /* Debug */,
				BACC16AC25E99BBE0034935E /* Release */,
			);
			defaultConfigurationIsVisible = 0;
			defaultConfigurationName = Release;
		};
		BACC16AD25E99BBE0034935E /* Build configuration list for PBXNativeTarget "FakestagramTests" */ = {
			isa = XCConfigurationList;
			buildConfigurations = (
				BACC16AE25E99BBE0034935E /* Debug */,
				BACC16AF25E99BBE0034935E /* Release */,
			);
			defaultConfigurationIsVisible = 0;
			defaultConfigurationName = Release;
		};
		BACC16B025E99BBE0034935E /* Build configuration list for PBXNativeTarget "FakestagramUITests" */ = {
			isa = XCConfigurationList;
			buildConfigurations = (
				BACC16B125E99BBE0034935E /* Debug */,
				BACC16B225E99BBE0034935E /* Release */,
			);
			defaultConfigurationIsVisible = 0;
			defaultConfigurationName = Release;
		};
/* End XCConfigurationList section */

/* Begin XCRemoteSwiftPackageReference section */
		BAD9ED0F260A459700165558 /* XCRemoteSwiftPackageReference "SDWebImageSwiftUI" */ = {
			isa = XCRemoteSwiftPackageReference;
			repositoryURL = "https://github.com/SDWebImage/SDWebImageSwiftUI";
			requirement = {
				kind = upToNextMajorVersion;
				minimumVersion = 2.0.2;
			};
		};
/* End XCRemoteSwiftPackageReference section */

/* Begin XCSwiftPackageProductDependency section */
		BAD9ED10260A459700165558 /* SDWebImageSwiftUI */ = {
			isa = XCSwiftPackageProductDependency;
			package = BAD9ED0F260A459700165558 /* XCRemoteSwiftPackageReference "SDWebImageSwiftUI" */;
			productName = SDWebImageSwiftUI;
		};
/* End XCSwiftPackageProductDependency section */
	};
	rootObject = BACC167D25E99BB80034935E /* Project object */;
}
